
Microsoft Visual Studio Solution File, Format Version 12.00
# Visual Studio Version 16
VisualStudioVersion = 16.0.32002.261
MinimumVisualStudioVersion = 10.0.40219.1
Project("{9A19103F-16F7-4668-BE54-9A1E7A4F7556}") = "Genearting excel file in console application", "Genearting excel file in console application\Genearting excel file in console application.csproj", "{F52A890B-BD87-4456-A1FB-70E596C4A747}"
EndProject
Project("{FAE04EC0-301F-11D3-BF4B-00C04F79EFBC}") = "FilesToBytesETC", "FilesToBytesETC\FilesToBytesETC.csproj", "{5D52255A-E2FC-4D88-ADEE-55DE96191782}"
EndProject
Global
	GlobalSection(SolutionConfigurationPlatforms) = preSolution
		Debug|Any CPU = Debug|Any CPU
		Release|Any CPU = Release|Any CPU
	EndGlobalSection
	GlobalSection(ProjectConfigurationPlatforms) = postSolution
		{F52A890B-BD87-4456-A1FB-70E596C4A747}.Debug|Any CPU.ActiveCfg = Debug|Any CPU
		{F52A890B-BD87-4456-A1FB-70E596C4A747}.Debug|Any CPU.Build.0 = Debug|Any CPU
		{F52A890B-BD87-4456-A1FB-70E596C4A747}.Release|Any CPU.ActiveCfg = Release|Any CPU
		{F52A890B-BD87-4456-A1FB-70E596C4A747}.Release|Any CPU.Build.0 = Release|Any CPU
		{5D52255A-E2FC-4D88-ADEE-55DE96191782}.Debug|Any CPU.ActiveCfg = Debug|Any CPU
		{5D52255A-E2FC-4D88-ADEE-55DE96191782}.Debug|Any CPU.Build.0 = Debug|Any CPU
		{5D52255A-E2FC-4D88-ADEE-55DE96191782}.Release|Any CPU.ActiveCfg = Release|Any CPU
		{5D52255A-E2FC-4D88-ADEE-55DE96191782}.Release|Any CPU.Build.0 = Release|Any CPU
	EndGlobalSection
	GlobalSection(SolutionProperties) = preSolution
		HideSolutionNode = FALSE
	EndGlobalSection
	GlobalSection(ExtensibilityGlobals) = postSolution
		SolutionGuid = {ED372EE6-AE6A-4865-827D-B6F9074A18BF}
	EndGlobalSection
EndGlobal
